
Microsoft Visual Studio Solution File, Format Version 11.00
# Visual Studio 2010
Project("{FAE04EC0-301F-11D3-BF4B-00C04F79EFBC}") = "ase exam application", "WebApplication2\ase exam application.csproj", "{C7D7E9E6-6502-404E-A1EC-C3341F4679AD}"
EndProject
Global
	GlobalSection(SolutionConfigurationPlatforms) = preSolution
		Debug|Any CPU = Debug|Any CPU
		Release|Any CPU = Release|Any CPU
	EndGlobalSection
	GlobalSection(ProjectConfigurationPlatforms) = postSolution
		{C7D7E9E6-6502-404E-A1EC-C3341F4679AD}.Debug|Any CPU.ActiveCfg = Debug|Any CPU
		{C7D7E9E6-6502-404E-A1EC-C3341F4679AD}.Debug|Any CPU.Build.0 = Debug|Any CPU
		{C7D7E9E6-6502-404E-A1EC-C3341F4679AD}.Release|Any CPU.ActiveCfg = Release|Any CPU
		{C7D7E9E6-6502-404E-A1EC-C3341F4679AD}.Release|Any CPU.Build.0 = Release|Any CPU
	EndGlobalSection
	GlobalSection(SolutionProperties) = preSolution
		HideSolutionNode = FALSE
	EndGlobalSection
EndGlobal
